// !$*UTF8*$!
{
	archiveVersion = 1;
	classes = {
	};
	objectVersion = 56;
	objects = {

/* Begin PBXBuildFile section */
		E9CF6E7C2A92326A00B9A929 /* AppDelegate.swift in Sources */ = {isa = PBXBuildFile; fileRef = E9CF6E7B2A92326A00B9A929 /* AppDelegate.swift */; };
		E9CF6E7E2A92326A00B9A929 /* SceneDelegate.swift in Sources */ = {isa = PBXBuildFile; fileRef = E9CF6E7D2A92326A00B9A929 /* SceneDelegate.swift */; };
		E9CF6E802A92326A00B9A929 /* ViewController.swift in Sources */ = {isa = PBXBuildFile; fileRef = E9CF6E7F2A92326A00B9A929 /* ViewController.swift */; };
		E9CF6E832A92326A00B9A929 /* Main.storyboard in Resources */ = {isa = PBXBuildFile; fileRef = E9CF6E812A92326A00B9A929 /* Main.storyboard */; };
		E9CF6E852A92326B00B9A929 /* Assets.xcassets in Resources */ = {isa = PBXBuildFile; fileRef = E9CF6E842A92326B00B9A929 /* Assets.xcassets */; };
		E9CF6E882A92326B00B9A929 /* LaunchScreen.storyboard in Resources */ = {isa = PBXBuildFile; fileRef = E9CF6E862A92326B00B9A929 /* LaunchScreen.storyboard */; };
		E9CF6E962A9252F200B9A929 /* UniformTypeIdentifiers.framework in Frameworks */ = {isa = PBXBuildFile; fileRef = E9CF6E952A9252F200B9A929 /* UniformTypeIdentifiers.framework */; };
		E9CF6E992A9252F200B9A929 /* Media.xcassets in Resources */ = {isa = PBXBuildFile; fileRef = E9CF6E982A9252F200B9A929 /* Media.xcassets */; };
		E9CF6E9B2A9252F200B9A929 /* ActionViewController.swift in Sources */ = {isa = PBXBuildFile; fileRef = E9CF6E9A2A9252F200B9A929 /* ActionViewController.swift */; };
		E9CF6E9E2A9252F200B9A929 /* MainInterface.storyboard in Resources */ = {isa = PBXBuildFile; fileRef = E9CF6E9C2A9252F200B9A929 /* MainInterface.storyboard */; };
		E9CF6EA22A9252F200B9A929 /* Extension.appex in Embed Foundation Extensions */ = {isa = PBXBuildFile; fileRef = E9CF6E932A9252F200B9A929 /* Extension.appex */; settings = {ATTRIBUTES = (RemoveHeadersOnCopy, ); }; };
		E9CF6EAA2A925C7900B9A929 /* Action.js in Resources */ = {isa = PBXBuildFile; fileRef = E9CF6EA92A925C7900B9A929 /* Action.js */; };
/* End PBXBuildFile section */

/* Begin PBXContainerItemProxy section */
		E9CF6EA02A9252F200B9A929 /* PBXContainerItemProxy */ = {
			isa = PBXContainerItemProxy;
			containerPortal = E9CF6E702A92326A00B9A929 /* Project object */;
			proxyType = 1;
			remoteGlobalIDString = E9CF6E922A9252F200B9A929;
			remoteInfo = Extension;
		};
/* End PBXContainerItemProxy section */

/* Begin PBXCopyFilesBuildPhase section */
		E9CF6EA62A9252F200B9A929 /* Embed Foundation Extensions */ = {
			isa = PBXCopyFilesBuildPhase;
			buildActionMask = 2147483647;
			dstPath = "";
			dstSubfolderSpec = 13;
			files = (
				E9CF6EA22A9252F200B9A929 /* Extension.appex in Embed Foundation Extensions */,
			);
			name = "Embed Foundation Extensions";
			runOnlyForDeploymentPostprocessing = 0;
		};
/* End PBXCopyFilesBuildPhase section */

/* Begin PBXFileReference section */
		E9CF6E782A92326A00B9A929 /* Project19.app */ = {isa = PBXFileReference; explicitFileType = wrapper.application; includeInIndex = 0; path = Project19.app; sourceTree = BUILT_PRODUCTS_DIR; };
		E9CF6E7B2A92326A00B9A929 /* AppDelegate.swift */ = {isa = PBXFileReference; lastKnownFileType = sourcecode.swift; path = AppDelegate.swift; sourceTree = "<group>"; };
		E9CF6E7D2A92326A00B9A929 /* SceneDelegate.swift */ = {isa = PBXFileReference; lastKnownFileType = sourcecode.swift; path = SceneDelegate.swift; sourceTree = "<group>"; };
		E9CF6E7F2A92326A00B9A929 /* ViewController.swift */ = {isa = PBXFileReference; lastKnownFileType = sourcecode.swift; path = ViewController.swift; sourceTree = "<group>"; };
		E9CF6E822A92326A00B9A929 /* Base */ = {isa = PBXFileReference; lastKnownFileType = file.storyboard; name = Base; path = Base.lproj/Main.storyboard; sourceTree = "<group>"; };
		E9CF6E842A92326B00B9A929 /* Assets.xcassets */ = {isa = PBXFileReference; lastKnownFileType = folder.assetcatalog; path = Assets.xcassets; sourceTree = "<group>"; };
		E9CF6E872A92326B00B9A929 /* Base */ = {isa = PBXFileReference; lastKnownFileType = file.storyboard; name = Base; path = Base.lproj/LaunchScreen.storyboard; sourceTree = "<group>"; };
		E9CF6E892A92326B00B9A929 /* Info.plist */ = {isa = PBXFileReference; lastKnownFileType = text.plist.xml; path = Info.plist; sourceTree = "<group>"; };
		E9CF6E932A9252F200B9A929 /* Extension.appex */ = {isa = PBXFileReference; explicitFileType = "wrapper.app-extension"; includeInIndex = 0; path = Extension.appex; sourceTree = BUILT_PRODUCTS_DIR; };
		E9CF6E952A9252F200B9A929 /* UniformTypeIdentifiers.framework */ = {isa = PBXFileReference; lastKnownFileType = wrapper.framework; name = UniformTypeIdentifiers.framework; path = System/Library/Frameworks/UniformTypeIdentifiers.framework; sourceTree = SDKROOT; };
		E9CF6E982A9252F200B9A929 /* Media.xcassets */ = {isa = PBXFileReference; lastKnownFileType = folder.assetcatalog; path = Media.xcassets; sourceTree = "<group>"; };
		E9CF6E9A2A9252F200B9A929 /* ActionViewController.swift */ = {isa = PBXFileReference; lastKnownFileType = sourcecode.swift; path = ActionViewController.swift; sourceTree = "<group>"; };
		E9CF6E9D2A9252F200B9A929 /* Base */ = {isa = PBXFileReference; lastKnownFileType = file.storyboard; name = Base; path = Base.lproj/MainInterface.storyboard; sourceTree = "<group>"; };
		E9CF6E9F2A9252F200B9A929 /* Info.plist */ = {isa = PBXFileReference; lastKnownFileType = text.plist.xml; path = Info.plist; sourceTree = "<group>"; };
		E9CF6EA92A925C7900B9A929 /* Action.js */ = {isa = PBXFileReference; lastKnownFileType = sourcecode.javascript; path = Action.js; sourceTree = "<group>"; };
/* End PBXFileReference section */

/* Begin PBXFrameworksBuildPhase section */
		E9CF6E752A92326A00B9A929 /* Frameworks */ = {
			isa = PBXFrameworksBuildPhase;
			buildActionMask = 2147483647;
			files = (
			);
			runOnlyForDeploymentPostprocessing = 0;
		};
		E9CF6E902A9252F200B9A929 /* Frameworks */ = {
			isa = PBXFrameworksBuildPhase;
			buildActionMask = 2147483647;
			files = (
				E9CF6E962A9252F200B9A929 /* UniformTypeIdentifiers.framework in Frameworks */,
			);
			runOnlyForDeploymentPostprocessing = 0;
		};
/* End PBXFrameworksBuildPhase section */

/* Begin PBXGroup section */
		E9CF6E6F2A92326A00B9A929 = {
			isa = PBXGroup;
			children = (
				E9CF6E7A2A92326A00B9A929 /* Project19 */,
				E9CF6E972A9252F200B9A929 /* Extension */,
				E9CF6E942A9252F200B9A929 /* Frameworks */,
				E9CF6E792A92326A00B9A929 /* Products */,
			);
			sourceTree = "<group>";
		};
		E9CF6E792A92326A00B9A929 /* Products */ = {
			isa = PBXGroup;
			children = (
				E9CF6E782A92326A00B9A929 /* Project19.app */,
				E9CF6E932A9252F200B9A929 /* Extension.appex */,
			);
			name = Products;
			sourceTree = "<group>";
		};
		E9CF6E7A2A92326A00B9A929 /* Project19 */ = {
			isa = PBXGroup;
			children = (
				E9CF6E7B2A92326A00B9A929 /* AppDelegate.swift */,
				E9CF6E7D2A92326A00B9A929 /* SceneDelegate.swift */,
				E9CF6E7F2A92326A00B9A929 /* ViewController.swift */,
				E9CF6E812A92326A00B9A929 /* Main.storyboard */,
				E9CF6E842A92326B00B9A929 /* Assets.xcassets */,
				E9CF6E862A92326B00B9A929 /* LaunchScreen.storyboard */,
				E9CF6E892A92326B00B9A929 /* Info.plist */,
			);
			path = Project19;
			sourceTree = "<group>";
		};
		E9CF6E942A9252F200B9A929 /* Frameworks */ = {
			isa = PBXGroup;
			children = (
				E9CF6E952A9252F200B9A929 /* UniformTypeIdentifiers.framework */,
			);
			name = Frameworks;
			sourceTree = "<group>";
		};
		E9CF6E972A9252F200B9A929 /* Extension */ = {
			isa = PBXGroup;
			children = (
				E9CF6E982A9252F200B9A929 /* Media.xcassets */,
				E9CF6E9A2A9252F200B9A929 /* ActionViewController.swift */,
				E9CF6E9C2A9252F200B9A929 /* MainInterface.storyboard */,
				E9CF6E9F2A9252F200B9A929 /* Info.plist */,
				E9CF6EA92A925C7900B9A929 /* Action.js */,
			);
			path = Extension;
			sourceTree = "<group>";
		};
/* End PBXGroup section */

/* Begin PBXNativeTarget section */
		E9CF6E772A92326A00B9A929 /* Project19 */ = {
			isa = PBXNativeTarget;
			buildConfigurationList = E9CF6E8C2A92326B00B9A929 /* Build configuration list for PBXNativeTarget "Project19" */;
			buildPhases = (
				E9CF6E742A92326A00B9A929 /* Sources */,
				E9CF6E752A92326A00B9A929 /* Frameworks */,
				E9CF6E762A92326A00B9A929 /* Resources */,
				E9CF6EA62A9252F200B9A929 /* Embed Foundation Extensions */,
			);
			buildRules = (
			);
			dependencies = (
				E9CF6EA12A9252F200B9A929 /* PBXTargetDependency */,
			);
			name = Project19;
			productName = Project19;
			productReference = E9CF6E782A92326A00B9A929 /* Project19.app */;
			productType = "com.apple.product-type.application";
		};
		E9CF6E922A9252F200B9A929 /* Extension */ = {
			isa = PBXNativeTarget;
			buildConfigurationList = E9CF6EA32A9252F200B9A929 /* Build configuration list for PBXNativeTarget "Extension" */;
			buildPhases = (
				E9CF6E8F2A9252F200B9A929 /* Sources */,
				E9CF6E902A9252F200B9A929 /* Frameworks */,
				E9CF6E912A9252F200B9A929 /* Resources */,
			);
			buildRules = (
			);
			dependencies = (
			);
			name = Extension;
			productName = Extension;
			productReference = E9CF6E932A9252F200B9A929 /* Extension.appex */;
			productType = "com.apple.product-type.app-extension";
		};
/* End PBXNativeTarget section */

/* Begin PBXProject section */
		E9CF6E702A92326A00B9A929 /* Project object */ = {
			isa = PBXProject;
			attributes = {
				BuildIndependentTargetsInParallel = 1;
				LastSwiftUpdateCheck = 1420;
				LastUpgradeCheck = 1420;
				TargetAttributes = {
					E9CF6E772A92326A00B9A929 = {
						CreatedOnToolsVersion = 14.2;
					};
					E9CF6E922A9252F200B9A929 = {
						CreatedOnToolsVersion = 14.2;
					};
				};
			};
			buildConfigurationList = E9CF6E732A92326A00B9A929 /* Build configuration list for PBXProject "Project19" */;
			compatibilityVersion = "Xcode 14.0";
			developmentRegion = en;
			hasScannedForEncodings = 0;
			knownRegions = (
				en,
				Base,
			);
			mainGroup = E9CF6E6F2A92326A00B9A929;
			productRefGroup = E9CF6E792A92326A00B9A929 /* Products */;
			projectDirPath = "";
			projectRoot = "";
			targets = (
				E9CF6E772A92326A00B9A929 /* Project19 */,
				E9CF6E922A9252F200B9A929 /* Extension */,
			);
		};
/* End PBXProject section */

/* Begin PBXResourcesBuildPhase section */
		E9CF6E762A92326A00B9A929 /* Resources */ = {
			isa = PBXResourcesBuildPhase;
			buildActionMask = 2147483647;
			files = (
				E9CF6E882A92326B00B9A929 /* LaunchScreen.storyboard in Resources */,
				E9CF6E852A92326B00B9A929 /* Assets.xcassets in Resources */,
				E9CF6E832A92326A00B9A929 /* Main.storyboard in Resources */,
			);
			runOnlyForDeploymentPostprocessing = 0;
		};
		E9CF6E912A9252F200B9A929 /* Resources */ = {
			isa = PBXResourcesBuildPhase;
			buildActionMask = 2147483647;
			files = (
				E9CF6EAA2A925C7900B9A929 /* Action.js in Resources */,
				E9CF6E992A9252F200B9A929 /* Media.xcassets in Resources */,
				E9CF6E9E2A9252F200B9A929 /* MainInterface.storyboard in Resources */,
			);
			runOnlyForDeploymentPostprocessing = 0;
		};
/* End PBXResourcesBuildPhase section */

/* Begin PBXSourcesBuildPhase section */
		E9CF6E742A92326A00B9A929 /* Sources */ = {
			isa = PBXSourcesBuildPhase;
			buildActionMask = 2147483647;
			files = (
				E9CF6E802A92326A00B9A929 /* ViewController.swift in Sources */,
				E9CF6E7C2A92326A00B9A929 /* AppDelegate.swift in Sources */,
				E9CF6E7E2A92326A00B9A929 /* SceneDelegate.swift in Sources */,
			);
			runOnlyForDeploymentPostprocessing = 0;
		};
		E9CF6E8F2A9252F200B9A929 /* Sources */ = {
			isa = PBXSourcesBuildPhase;
			buildActionMask = 2147483647;
			files = (
				E9CF6E9B2A9252F200B9A929 /* ActionViewController.swift in Sources */,
			);
			runOnlyForDeploymentPostprocessing = 0;
		};
/* End PBXSourcesBuildPhase section */

/* Begin PBXTargetDependency section */
		E9CF6EA12A9252F200B9A929 /* PBXTargetDependency */ = {
			isa = PBXTargetDependency;
			target = E9CF6E922A9252F200B9A929 /* Extension */;
			targetProxy = E9CF6EA02A9252F200B9A929 /* PBXContainerItemProxy */;
		};
/* End PBXTargetDependency section */

/* Begin PBXVariantGroup section */
		E9CF6E812A92326A00B9A929 /* Main.storyboard */ = {
			isa = PBXVariantGroup;
			children = (
				E9CF6E822A92326A00B9A929 /* Base */,
			);
			name = Main.storyboard;
			sourceTree = "<group>";
		};
		E9CF6E862A92326B00B9A929 /* LaunchScreen.storyboard */ = {
			isa = PBXVariantGroup;
			children = (
				E9CF6E872A92326B00B9A929 /* Base */,
			);
			name = LaunchScreen.storyboard;
			sourceTree = "<group>";
		};
		E9CF6E9C2A9252F200B9A929 /* MainInterface.storyboard */ = {
			isa = PBXVariantGroup;
			children = (
				E9CF6E9D2A9252F200B9A929 /* Base */,
			);
			name = MainInterface.storyboard;
			sourceTree = "<group>";
		};
/* End PBXVariantGroup section */

/* Begin XCBuildConfiguration section */
		E9CF6E8A2A92326B00B9A929 /* Debug */ = {
			isa = XCBuildConfiguration;
			buildSettings = {
				ALWAYS_SEARCH_USER_PATHS = NO;
				CLANG_ANALYZER_NONNULL = YES;
				CLANG_ANALYZER_NUMBER_OBJECT_CONVERSION = YES_AGGRESSIVE;
				CLANG_CXX_LANGUAGE_STANDARD = "gnu++20";
				CLANG_ENABLE_MODULES = YES;
				CLANG_ENABLE_OBJC_ARC = YES;
				CLANG_ENABLE_OBJC_WEAK = YES;
				CLANG_WARN_BLOCK_CAPTURE_AUTORELEASING = YES;
				CLANG_WARN_BOOL_CONVERSION = YES;
				CLANG_WARN_COMMA = YES;
				CLANG_WARN_CONSTANT_CONVERSION = YES;
				CLANG_WARN_DEPRECATED_OBJC_IMPLEMENTATIONS = YES;
				CLANG_WARN_DIRECT_OBJC_ISA_USAGE = YES_ERROR;
				CLANG_WARN_DOCUMENTATION_COMMENTS = YES;
				CLANG_WARN_EMPTY_BODY = YES;
				CLANG_WARN_ENUM_CONVERSION = YES;
				CLANG_WARN_INFINITE_RECURSION = YES;
				CLANG_WARN_INT_CONVERSION = YES;
				CLANG_WARN_NON_LITERAL_NULL_CONVERSION = YES;
				CLANG_WARN_OBJC_IMPLICIT_RETAIN_SELF = YES;
				CLANG_WARN_OBJC_LITERAL_CONVERSION = YES;
				CLANG_WARN_OBJC_ROOT_CLASS = YES_ERROR;
				CLANG_WARN_QUOTED_INCLUDE_IN_FRAMEWORK_HEADER = YES;
				CLANG_WARN_RANGE_LOOP_ANALYSIS = YES;
				CLANG_WARN_STRICT_PROTOTYPES = YES;
				CLANG_WARN_SUSPICIOUS_MOVE = YES;
				CLANG_WARN_UNGUARDED_AVAILABILITY = YES_AGGRESSIVE;
				CLANG_WARN_UNREACHABLE_CODE = YES;
				CLANG_WARN__DUPLICATE_METHOD_MATCH = YES;
				COPY_PHASE_STRIP = NO;
				DEBUG_INFORMATION_FORMAT = dwarf;
				ENABLE_STRICT_OBJC_MSGSEND = YES;
				ENABLE_TESTABILITY = YES;
				GCC_C_LANGUAGE_STANDARD = gnu11;
				GCC_DYNAMIC_NO_PIC = NO;
				GCC_NO_COMMON_BLOCKS = YES;
				GCC_OPTIMIZATION_LEVEL = 0;
				GCC_PREPROCESSOR_DEFINITIONS = (
					"DEBUG=1",
					"$(inherited)",
				);
				GCC_WARN_64_TO_32_BIT_CONVERSION = YES;
				GCC_WARN_ABOUT_RETURN_TYPE = YES_ERROR;
				GCC_WARN_UNDECLARED_SELECTOR = YES;
				GCC_WARN_UNINITIALIZED_AUTOS = YES_AGGRESSIVE;
				GCC_WARN_UNUSED_FUNCTION = YES;
				GCC_WARN_UNUSED_VARIABLE = YES;
				IPHONEOS_DEPLOYMENT_TARGET = 16.2;
				MTL_ENABLE_DEBUG_INFO = INCLUDE_SOURCE;
				MTL_FAST_MATH = YES;
				ONLY_ACTIVE_ARCH = YES;
				SDKROOT = iphoneos;
				SWIFT_ACTIVE_COMPILATION_CONDITIONS = DEBUG;
				SWIFT_OPTIMIZATION_LEVEL = "-Onone";
			};
			name = Debug;
		};
		E9CF6E8B2A92326B00B9A929 /* Release */ = {
			isa = XCBuildConfiguration;
			buildSettings = {
				ALWAYS_SEARCH_USER_PATHS = NO;
				CLANG_ANALYZER_NONNULL = YES;
				CLANG_ANALYZER_NUMBER_OBJECT_CONVERSION = YES_AGGRESSIVE;
				CLANG_CXX_LANGUAGE_STANDARD = "gnu++20";
				CLANG_ENABLE_MODULES = YES;
				CLANG_ENABLE_OBJC_ARC = YES;
				CLANG_ENABLE_OBJC_WEAK = YES;
				CLANG_WARN_BLOCK_CAPTURE_AUTORELEASING = YES;
				CLANG_WARN_BOOL_CONVERSION = YES;
				CLANG_WARN_COMMA = YES;
				CLANG_WARN_CONSTANT_CONVERSION = YES;
				CLANG_WARN_DEPRECATED_OBJC_IMPLEMENTATIONS = YES;
				CLANG_WARN_DIRECT_OBJC_ISA_USAGE = YES_ERROR;
				CLANG_WARN_DOCUMENTATION_COMMENTS = YES;
				CLANG_WARN_EMPTY_BODY = YES;
				CLANG_WARN_ENUM_CONVERSION = YES;
				CLANG_WARN_INFINITE_RECURSION = YES;
				CLANG_WARN_INT_CONVERSION = YES;
				CLANG_WARN_NON_LITERAL_NULL_CONVERSION = YES;
				CLANG_WARN_OBJC_IMPLICIT_RETAIN_SELF = YES;
				CLANG_WARN_OBJC_LITERAL_CONVERSION = YES;
				CLANG_WARN_OBJC_ROOT_CLASS = YES_ERROR;
				CLANG_WARN_QUOTED_INCLUDE_IN_FRAMEWORK_HEADER = YES;
				CLANG_WARN_RANGE_LOOP_ANALYSIS = YES;
				CLANG_WARN_STRICT_PROTOTYPES = YES;
				CLANG_WARN_SUSPICIOUS_MOVE = YES;
				CLANG_WARN_UNGUARDED_AVAILABILITY = YES_AGGRESSIVE;
				CLANG_WARN_UNREACHABLE_CODE = YES;
				CLANG_WARN__DUPLICATE_METHOD_MATCH = YES;
				COPY_PHASE_STRIP = NO;
				DEBUG_INFORMATION_FORMAT = "dwarf-with-dsym";
				ENABLE_NS_ASSERTIONS = NO;
				ENABLE_STRICT_OBJC_MSGSEND = YES;
				GCC_C_LANGUAGE_STANDARD = gnu11;
				GCC_NO_COMMON_BLOCKS = YES;
				GCC_WARN_64_TO_32_BIT_CONVERSION = YES;
				GCC_WARN_ABOUT_RETURN_TYPE = YES_ERROR;
				GCC_WARN_UNDECLARED_SELECTOR = YES;
				GCC_WARN_UNINITIALIZED_AUTOS = YES_AGGRESSIVE;
				GCC_WARN_UNUSED_FUNCTION = YES;
				GCC_WARN_UNUSED_VARIABLE = YES;
				IPHONEOS_DEPLOYMENT_TARGET = 16.2;
				MTL_ENABLE_DEBUG_INFO = NO;
				MTL_FAST_MATH = YES;
				SDKROOT = iphoneos;
				SWIFT_COMPILATION_MODE = wholemodule;
				SWIFT_OPTIMIZATION_LEVEL = "-O";
				VALIDATE_PRODUCT = YES;
			};
			name = Release;
		};
		E9CF6E8D2A92326B00B9A929 /* Debug */ = {
			isa = XCBuildConfiguration;
			buildSettings = {
				ALWAYS_EMBED_SWIFT_STANDARD_LIBRARIES = YES;
				ASSETCATALOG_COMPILER_APPICON_NAME = AppIcon;
				ASSETCATALOG_COMPILER_GLOBAL_ACCENT_COLOR_NAME = AccentColor;
				CODE_SIGN_STYLE = Automatic;
				CURRENT_PROJECT_VERSION = 1;
				DEVELOPMENT_TEAM = 9W5Z8G2RNJ;
				GENERATE_INFOPLIST_FILE = YES;
				INFOPLIST_FILE = Project19/Info.plist;
				INFOPLIST_KEY_UIApplicationSupportsIndirectInputEvents = YES;
				INFOPLIST_KEY_UILaunchStoryboardName = LaunchScreen;
				INFOPLIST_KEY_UIMainStoryboardFile = Main;
				INFOPLIST_KEY_UISupportedInterfaceOrientations_iPad = "UIInterfaceOrientationPortrait UIInterfaceOrientationPortraitUpsideDown UIInterfaceOrientationLandscapeLeft UIInterfaceOrientationLandscapeRight";
				INFOPLIST_KEY_UISupportedInterfaceOrientations_iPhone = "UIInterfaceOrientationPortrait UIInterfaceOrientationLandscapeLeft UIInterfaceOrientationLandscapeRight";
				LD_RUNPATH_SEARCH_PATHS = (
					"$(inherited)",
					"@executable_path/Frameworks",
				);
				MARKETING_VERSION = 1.0;
				PRODUCT_BUNDLE_IDENTIFIER = com.abdulkadiroruc.Project19;
				PRODUCT_NAME = "$(TARGET_NAME)";
				SWIFT_EMIT_LOC_STRINGS = YES;
				SWIFT_VERSION = 5.0;
				TARGETED_DEVICE_FAMILY = "1,2";
			};
			name = Debug;
		};
		E9CF6E8E2A92326B00B9A929 /* Release */ = {
			isa = XCBuildConfiguration;
			buildSettings = {
				ALWAYS_EMBED_SWIFT_STANDARD_LIBRARIES = YES;
				ASSETCATALOG_COMPILER_APPICON_NAME = AppIcon;
				ASSETCATALOG_COMPILER_GLOBAL_ACCENT_COLOR_NAME = AccentColor;
				CODE_SIGN_STYLE = Automatic;
				CURRENT_PROJECT_VERSION = 1;
				DEVELOPMENT_TEAM = 9W5Z8G2RNJ;
				GENERATE_INFOPLIST_FILE = YES;
				INFOPLIST_FILE = Project19/Info.plist;
				INFOPLIST_KEY_UIApplicationSupportsIndirectInputEvents = YES;
				INFOPLIST_KEY_UILaunchStoryboardName = LaunchScreen;
				INFOPLIST_KEY_UIMainStoryboardFile = Main;
				INFOPLIST_KEY_UISupportedInterfaceOrientations_iPad = "UIInterfaceOrientationPortrait UIInterfaceOrientationPortraitUpsideDown UIInterfaceOrientationLandscapeLeft UIInterfaceOrientationLandscapeRight";
				INFOPLIST_KEY_UISupportedInterfaceOrientations_iPhone = "UIInterfaceOrientationPortrait UIInterfaceOrientationLandscapeLeft UIInterfaceOrientationLandscapeRight";
				LD_RUNPATH_SEARCH_PATHS = (
					"$(inherited)",
					"@executable_path/Frameworks",
				);
				MARKETING_VERSION = 1.0;
				PRODUCT_BUNDLE_IDENTIFIER = com.abdulkadiroruc.Project19;
				PRODUCT_NAME = "$(TARGET_NAME)";
				SWIFT_EMIT_LOC_STRINGS = YES;
				SWIFT_VERSION = 5.0;
				TARGETED_DEVICE_FAMILY = "1,2";
			};
			name = Release;
		};
		E9CF6EA42A9252F200B9A929 /* Debug */ = {
			isa = XCBuildConfiguration;
			buildSettings = {
				CODE_SIGN_STYLE = Automatic;
				CURRENT_PROJECT_VERSION = 1;
				DEVELOPMENT_TEAM = 9W5Z8G2RNJ;
				GENERATE_INFOPLIST_FILE = YES;
				INFOPLIST_FILE = Extension/Info.plist;
				INFOPLIST_KEY_CFBundleDisplayName = Extension;
				INFOPLIST_KEY_NSHumanReadableCopyright = "";
				LD_RUNPATH_SEARCH_PATHS = (
					"$(inherited)",
					"@executable_path/Frameworks",
					"@executable_path/../../Frameworks",
				);
				MARKETING_VERSION = 1.0;
				PRODUCT_BUNDLE_IDENTIFIER = com.abdulkadiroruc.Project19.Extension;
				PRODUCT_NAME = "$(TARGET_NAME)";
				SKIP_INSTALL = YES;
				SWIFT_EMIT_LOC_STRINGS = YES;
				SWIFT_VERSION = 5.0;
				TARGETED_DEVICE_FAMILY = "1,2";
			};
			name = Debug;
		};
		E9CF6EA52A9252F200B9A929 /* Release */ = {
			isa = XCBuildConfiguration;
			buildSettings = {
				CODE_SIGN_STYLE = Automatic;
				CURRENT_PROJECT_VERSION = 1;
				DEVELOPMENT_TEAM = 9W5Z8G2RNJ;
				GENERATE_INFOPLIST_FILE = YES;
				INFOPLIST_FILE = Extension/Info.plist;
				INFOPLIST_KEY_CFBundleDisplayName = Extension;
				INFOPLIST_KEY_NSHumanReadableCopyright = "";
				LD_RUNPATH_SEARCH_PATHS = (
					"$(inherited)",
					"@executable_path/Frameworks",
					"@executable_path/../../Frameworks",
				);
				MARKETING_VERSION = 1.0;
				PRODUCT_BUNDLE_IDENTIFIER = com.abdulkadiroruc.Project19.Extension;
				PRODUCT_NAME = "$(TARGET_NAME)";
				SKIP_INSTALL = YES;
				SWIFT_EMIT_LOC_STRINGS = YES;
				SWIFT_VERSION = 5.0;
				TARGETED_DEVICE_FAMILY = "1,2";
			};
			name = Release;
		};
/* End XCBuildConfiguration section */

/* Begin XCConfigurationList section */
		E9CF6E732A92326A00B9A929 /* Build configuration list for PBXProject "Project19" */ = {
			isa = XCConfigurationList;
			buildConfigurations = (
				E9CF6E8A2A92326B00B9A929 /* Debug */,
				E9CF6E8B2A92326B00B9A929 /* Release */,
			);
			defaultConfigurationIsVisible = 0;
			defaultConfigurationName = Release;
		};
		E9CF6E8C2A92326B00B9A929 /* Build configuration list for PBXNativeTarget "Project19" */ = {
			isa = XCConfigurationList;
			buildConfigurations = (
				E9CF6E8D2A92326B00B9A929 /* Debug */,
				E9CF6E8E2A92326B00B9A929 /* Release */,
			);
			defaultConfigurationIsVisible = 0;
			defaultConfigurationName = Release;
		};
		E9CF6EA32A9252F200B9A929 /* Build configuration list for PBXNativeTarget "Extension" */ = {
			isa = XCConfigurationList;
			buildConfigurations = (
				E9CF6EA42A9252F200B9A929 /* Debug */,
				E9CF6EA52A9252F200B9A929 /* Release */,
			);
			defaultConfigurationIsVisible = 0;
			defaultConfigurationName = Release;
		};
/* End XCConfigurationList section */
	};
	rootObject = E9CF6E702A92326A00B9A929 /* Project object */;
}
